// !$*UTF8*$!
{
	archiveVersion = 1;
	classes = {
	};
	objectVersion = 55;
	objects = {

/* Begin PBXBuildFile section */
		220A9EE4283A859E004D64B5 /* BlockTimerApp.swift in Sources */ = {isa = PBXBuildFile; fileRef = 220A9EE3283A859E004D64B5 /* BlockTimerApp.swift */; };
		220A9EE6283A859E004D64B5 /* ContentView.swift in Sources */ = {isa = PBXBuildFile; fileRef = 220A9EE5283A859E004D64B5 /* ContentView.swift */; };
		220A9EE8283A859F004D64B5 /* Assets.xcassets in Resources */ = {isa = PBXBuildFile; fileRef = 220A9EE7283A859F004D64B5 /* Assets.xcassets */; };
		220A9EEB283A859F004D64B5 /* Preview Assets.xcassets in Resources */ = {isa = PBXBuildFile; fileRef = 220A9EEA283A859F004D64B5 /* Preview Assets.xcassets */; };
		220A9EED283A859F004D64B5 /* Persistence.swift in Sources */ = {isa = PBXBuildFile; fileRef = 220A9EEC283A859F004D64B5 /* Persistence.swift */; };
		220A9EF0283A859F004D64B5 /* BlockTimer.xcdatamodeld in Sources */ = {isa = PBXBuildFile; fileRef = 220A9EEE283A859F004D64B5 /* BlockTimer.xcdatamodeld */; };
		22F792632840C80F002E1E52 /* .gitignore in Resources */ = {isa = PBXBuildFile; fileRef = 22F792622840C80F002E1E52 /* .gitignore */; };
		22F792652840C83C002E1E52 /* LICENSE in Resources */ = {isa = PBXBuildFile; fileRef = 22F792642840C83C002E1E52 /* LICENSE */; };
/* End PBXBuildFile section */

/* Begin PBXFileReference section */
		220A9EE0283A859E004D64B5 /* BlockTimer.app */ = {isa = PBXFileReference; explicitFileType = wrapper.application; includeInIndex = 0; path = BlockTimer.app; sourceTree = BUILT_PRODUCTS_DIR; };
		220A9EE3283A859E004D64B5 /* BlockTimerApp.swift */ = {isa = PBXFileReference; lastKnownFileType = sourcecode.swift; path = BlockTimerApp.swift; sourceTree = "<group>"; };
		220A9EE5283A859E004D64B5 /* ContentView.swift */ = {isa = PBXFileReference; lastKnownFileType = sourcecode.swift; path = ContentView.swift; sourceTree = "<group>"; };
		220A9EE7283A859F004D64B5 /* Assets.xcassets */ = {isa = PBXFileReference; lastKnownFileType = folder.assetcatalog; path = Assets.xcassets; sourceTree = "<group>"; };
		220A9EEA283A859F004D64B5 /* Preview Assets.xcassets */ = {isa = PBXFileReference; lastKnownFileType = folder.assetcatalog; path = "Preview Assets.xcassets"; sourceTree = "<group>"; };
		220A9EEC283A859F004D64B5 /* Persistence.swift */ = {isa = PBXFileReference; lastKnownFileType = sourcecode.swift; path = Persistence.swift; sourceTree = "<group>"; };
		220A9EEF283A859F004D64B5 /* BlockTimer.xcdatamodel */ = {isa = PBXFileReference; lastKnownFileType = wrapper.xcdatamodel; path = BlockTimer.xcdatamodel; sourceTree = "<group>"; };
		22F792622840C80F002E1E52 /* .gitignore */ = {isa = PBXFileReference; lastKnownFileType = text; path = .gitignore; sourceTree = "<group>"; };
		22F792642840C83C002E1E52 /* LICENSE */ = {isa = PBXFileReference; lastKnownFileType = text; path = LICENSE; sourceTree = "<group>"; };
/* End PBXFileReference section */

/* Begin PBXFrameworksBuildPhase section */
		220A9EDD283A859E004D64B5 /* Frameworks */ = {
			isa = PBXFrameworksBuildPhase;
			buildActionMask = 2147483647;
			files = (
			);
			runOnlyForDeploymentPostprocessing = 0;
		};
/* End PBXFrameworksBuildPhase section */

/* Begin PBXGroup section */
		220A9ED7283A859E004D64B5 = {
			isa = PBXGroup;
			children = (
				22F792642840C83C002E1E52 /* LICENSE */,
				22F792622840C80F002E1E52 /* .gitignore */,
				220A9EE2283A859E004D64B5 /* BlockTimer */,
				220A9EE1283A859E004D64B5 /* Products */,
			);
			sourceTree = "<group>";
		};
		220A9EE1283A859E004D64B5 /* Products */ = {
			isa = PBXGroup;
			children = (
				220A9EE0283A859E004D64B5 /* BlockTimer.app */,
			);
			name = Products;
			sourceTree = "<group>";
		};
		220A9EE2283A859E004D64B5 /* BlockTimer */ = {
			isa = PBXGroup;
			children = (
				220A9EE3283A859E004D64B5 /* BlockTimerApp.swift */,
				220A9EE5283A859E004D64B5 /* ContentView.swift */,
				220A9EE7283A859F004D64B5 /* Assets.xcassets */,
				220A9EEC283A859F004D64B5 /* Persistence.swift */,
				220A9EEE283A859F004D64B5 /* BlockTimer.xcdatamodeld */,
				220A9EE9283A859F004D64B5 /* Preview Content */,
			);
			path = BlockTimer;
			sourceTree = "<group>";
		};
		220A9EE9283A859F004D64B5 /* Preview Content */ = {
			isa = PBXGroup;
			children = (
				220A9EEA283A859F004D64B5 /* Preview Assets.xcassets */,
			);
			path = "Preview Content";
			sourceTree = "<group>";
		};
/* End PBXGroup section */

/* Begin PBXNativeTarget section */
		220A9EDF283A859E004D64B5 /* BlockTimer */ = {
			isa = PBXNativeTarget;
			buildConfigurationList = 220A9EF3283A859F004D64B5 /* Build configuration list for PBXNativeTarget "BlockTimer" */;
			buildPhases = (
				220A9EDC283A859E004D64B5 /* Sources */,
				220A9EDD283A859E004D64B5 /* Frameworks */,
				220A9EDE283A859E004D64B5 /* Resources */,
			);
			buildRules = (
			);
			dependencies = (
			);
			name = BlockTimer;
			productName = BlockTimer;
			productReference = 220A9EE0283A859E004D64B5 /* BlockTimer.app */;
			productType = "com.apple.product-type.application";
		};
/* End PBXNativeTarget section */

/* Begin PBXProject section */
		220A9ED8283A859E004D64B5 /* Project object */ = {
			isa = PBXProject;
			attributes = {
				BuildIndependentTargetsInParallel = 1;
				LastSwiftUpdateCheck = 1340;
				LastUpgradeCheck = 1340;
				TargetAttributes = {
					220A9EDF283A859E004D64B5 = {
						CreatedOnToolsVersion = 13.4;
					};
				};
			};
			buildConfigurationList = 220A9EDB283A859E004D64B5 /* Build configuration list for PBXProject "BlockTimer" */;
			compatibilityVersion = "Xcode 13.0";
			developmentRegion = en;
			hasScannedForEncodings = 0;
			knownRegions = (
				en,
				Base,
			);
			mainGroup = 220A9ED7283A859E004D64B5;
			productRefGroup = 220A9EE1283A859E004D64B5 /* Products */;
			projectDirPath = "";
			projectRoot = "";
			targets = (
				220A9EDF283A859E004D64B5 /* BlockTimer */,
			);
		};
/* End PBXProject section */

/* Begin PBXResourcesBuildPhase section */
		220A9EDE283A859E004D64B5 /* Resources */ = {
			isa = PBXResourcesBuildPhase;
			buildActionMask = 2147483647;
			files = (
				220A9EEB283A859F004D64B5 /* Preview Assets.xcassets in Resources */,
				22F792632840C80F002E1E52 /* .gitignore in Resources */,
				22F792652840C83C002E1E52 /* LICENSE in Resources */,
				220A9EE8283A859F004D64B5 /* Assets.xcassets in Resources */,
			);
			runOnlyForDeploymentPostprocessing = 0;
		};
/* End PBXResourcesBuildPhase section */

/* Begin PBXSourcesBuildPhase section */
		220A9EDC283A859E004D64B5 /* Sources */ = {
			isa = PBXSourcesBuildPhase;
			buildActionMask = 2147483647;
			files = (
				220A9EED283A859F004D64B5 /* Persistence.swift in Sources */,
				220A9EE6283A859E004D64B5 /* ContentView.swift in Sources */,
				220A9EE4283A859E004D64B5 /* BlockTimerApp.swift in Sources */,
				220A9EF0283A859F004D64B5 /* BlockTimer.xcdatamodeld in Sources */,
			);
			runOnlyForDeploymentPostprocessing = 0;
		};
/* End PBXSourcesBuildPhase section */

/* Begin XCBuildConfiguration section */
		220A9EF1283A859F004D64B5 /* Debug */ = {
			isa = XCBuildConfiguration;
			buildSettings = {
				ALWAYS_SEARCH_USER_PATHS = NO;
				CLANG_ANALYZER_NONNULL = YES;
				CLANG_ANALYZER_NUMBER_OBJECT_CONVERSION = YES_AGGRESSIVE;
				CLANG_CXX_LANGUAGE_STANDARD = "gnu++17";
				CLANG_ENABLE_MODULES = YES;
				CLANG_ENABLE_OBJC_ARC = YES;
				CLANG_ENABLE_OBJC_WEAK = YES;
				CLANG_WARN_BLOCK_CAPTURE_AUTORELEASING = YES;
				CLANG_WARN_BOOL_CONVERSION = YES;
				CLANG_WARN_COMMA = YES;
				CLANG_WARN_CONSTANT_CONVERSION = YES;
				CLANG_WARN_DEPRECATED_OBJC_IMPLEMENTATIONS = YES;
				CLANG_WARN_DIRECT_OBJC_ISA_USAGE = YES_ERROR;
				CLANG_WARN_DOCUMENTATION_COMMENTS = YES;
				CLANG_WARN_EMPTY_BODY = YES;
				CLANG_WARN_ENUM_CONVERSION = YES;
				CLANG_WARN_INFINITE_RECURSION = YES;
				CLANG_WARN_INT_CONVERSION = YES;
				CLANG_WARN_NON_LITERAL_NULL_CONVERSION = YES;
				CLANG_WARN_OBJC_IMPLICIT_RETAIN_SELF = YES;
				CLANG_WARN_OBJC_LITERAL_CONVERSION = YES;
				CLANG_WARN_OBJC_ROOT_CLASS = YES_ERROR;
				CLANG_WARN_QUOTED_INCLUDE_IN_FRAMEWORK_HEADER = YES;
				CLANG_WARN_RANGE_LOOP_ANALYSIS = YES;
				CLANG_WARN_STRICT_PROTOTYPES = YES;
				CLANG_WARN_SUSPICIOUS_MOVE = YES;
				CLANG_WARN_UNGUARDED_AVAILABILITY = YES_AGGRESSIVE;
				CLANG_WARN_UNREACHABLE_CODE = YES;
				CLANG_WARN__DUPLICATE_METHOD_MATCH = YES;
				COPY_PHASE_STRIP = NO;
				DEBUG_INFORMATION_FORMAT = dwarf;
				ENABLE_STRICT_OBJC_MSGSEND = YES;
				ENABLE_TESTABILITY = YES;
				GCC_C_LANGUAGE_STANDARD = gnu11;
				GCC_DYNAMIC_NO_PIC = NO;
				GCC_NO_COMMON_BLOCKS = YES;
				GCC_OPTIMIZATION_LEVEL = 0;
				GCC_PREPROCESSOR_DEFINITIONS = (
					"DEBUG=1",
					"$(inherited)",
				);
				GCC_WARN_64_TO_32_BIT_CONVERSION = YES;
				GCC_WARN_ABOUT_RETURN_TYPE = YES_ERROR;
				GCC_WARN_UNDECLARED_SELECTOR = YES;
				GCC_WARN_UNINITIALIZED_AUTOS = YES_AGGRESSIVE;
				GCC_WARN_UNUSED_FUNCTION = YES;
				GCC_WARN_UNUSED_VARIABLE = YES;
				IPHONEOS_DEPLOYMENT_TARGET = 14.0;
				MTL_ENABLE_DEBUG_INFO = INCLUDE_SOURCE;
				MTL_FAST_MATH = YES;
				ONLY_ACTIVE_ARCH = YES;
				SDKROOT = iphoneos;
				SWIFT_ACTIVE_COMPILATION_CONDITIONS = DEBUG;
				SWIFT_OPTIMIZATION_LEVEL = "-Onone";
			};
			name = Debug;
		};
		220A9EF2283A859F004D64B5 /* Release */ = {
			isa = XCBuildConfiguration;
			buildSettings = {
				ALWAYS_SEARCH_USER_PATHS = NO;
				CLANG_ANALYZER_NONNULL = YES;
				CLANG_ANALYZER_NUMBER_OBJECT_CONVERSION = YES_AGGRESSIVE;
				CLANG_CXX_LANGUAGE_STANDARD = "gnu++17";
				CLANG_ENABLE_MODULES = YES;
				CLANG_ENABLE_OBJC_ARC = YES;
				CLANG_ENABLE_OBJC_WEAK = YES;
				CLANG_WARN_BLOCK_CAPTURE_AUTORELEASING = YES;
				CLANG_WARN_BOOL_CONVERSION = YES;
				CLANG_WARN_COMMA = YES;
				CLANG_WARN_CONSTANT_CONVERSION = YES;
				CLANG_WARN_DEPRECATED_OBJC_IMPLEMENTATIONS = YES;
				CLANG_WARN_DIRECT_OBJC_ISA_USAGE = YES_ERROR;
				CLANG_WARN_DOCUMENTATION_COMMENTS = YES;
				CLANG_WARN_EMPTY_BODY = YES;
				CLANG_WARN_ENUM_CONVERSION = YES;
				CLANG_WARN_INFINITE_RECURSION = YES;
				CLANG_WARN_INT_CONVERSION = YES;
				CLANG_WARN_NON_LITERAL_NULL_CONVERSION = YES;
				CLANG_WARN_OBJC_IMPLICIT_RETAIN_SELF = YES;
				CLANG_WARN_OBJC_LITERAL_CONVERSION = YES;
				CLANG_WARN_OBJC_ROOT_CLASS = YES_ERROR;
				CLANG_WARN_QUOTED_INCLUDE_IN_FRAMEWORK_HEADER = YES;
				CLANG_WARN_RANGE_LOOP_ANALYSIS = YES;
				CLANG_WARN_STRICT_PROTOTYPES = YES;
				CLANG_WARN_SUSPICIOUS_MOVE = YES;
				CLANG_WARN_UNGUARDED_AVAILABILITY = YES_AGGRESSIVE;
				CLANG_WARN_UNREACHABLE_CODE = YES;
				CLANG_WARN__DUPLICATE_METHOD_MATCH = YES;
				COPY_PHASE_STRIP = NO;
				DEBUG_INFORMATION_FORMAT = "dwarf-with-dsym";
				ENABLE_NS_ASSERTIONS = NO;
				ENABLE_STRICT_OBJC_MSGSEND = YES;
				GCC_C_LANGUAGE_STANDARD = gnu11;
				GCC_NO_COMMON_BLOCKS = YES;
				GCC_WARN_64_TO_32_BIT_CONVERSION = YES;
				GCC_WARN_ABOUT_RETURN_TYPE = YES_ERROR;
				GCC_WARN_UNDECLARED_SELECTOR = YES;
				GCC_WARN_UNINITIALIZED_AUTOS = YES_AGGRESSIVE;
				GCC_WARN_UNUSED_FUNCTION = YES;
				GCC_WARN_UNUSED_VARIABLE = YES;
				IPHONEOS_DEPLOYMENT_TARGET = 14.0;
				MTL_ENABLE_DEBUG_INFO = NO;
				MTL_FAST_MATH = YES;
				SDKROOT = iphoneos;
				SWIFT_COMPILATION_MODE = wholemodule;
				SWIFT_OPTIMIZATION_LEVEL = "-O";
				VALIDATE_PRODUCT = YES;
			};
			name = Release;
		};
		220A9EF4283A859F004D64B5 /* Debug */ = {
			isa = XCBuildConfiguration;
			buildSettings = {
				ASSETCATALOG_COMPILER_APPICON_NAME = AppIcon;
				ASSETCATALOG_COMPILER_GLOBAL_ACCENT_COLOR_NAME = AccentColor;
				CODE_SIGN_STYLE = Automatic;
				CURRENT_PROJECT_VERSION = 1;
				DEVELOPMENT_ASSET_PATHS = "\"BlockTimer/Preview Content\"";
				DEVELOPMENT_TEAM = 3M7F64SG7F;
				ENABLE_PREVIEWS = YES;
				GENERATE_INFOPLIST_FILE = YES;
				INFOPLIST_KEY_UIApplicationSceneManifest_Generation = YES;
				INFOPLIST_KEY_UIApplicationSupportsIndirectInputEvents = YES;
				INFOPLIST_KEY_UILaunchScreen_Generation = YES;
				INFOPLIST_KEY_UISupportedInterfaceOrientations = UIInterfaceOrientationPortrait;
				INFOPLIST_KEY_UISupportedInterfaceOrientations_iPad = "UIInterfaceOrientationPortrait UIInterfaceOrientationPortraitUpsideDown UIInterfaceOrientationLandscapeLeft UIInterfaceOrientationLandscapeRight";
				INFOPLIST_KEY_UISupportedInterfaceOrientations_iPhone = "UIInterfaceOrientationPortrait UIInterfaceOrientationLandscapeLeft UIInterfaceOrientationLandscapeRight";
				LD_RUNPATH_SEARCH_PATHS = (
					"$(inherited)",
					"@executable_path/Frameworks",
				);
				MARKETING_VERSION = 1.0;
				PRODUCT_BUNDLE_IDENTIFIER = PrimateGames.BlockTimer;
				PRODUCT_NAME = "$(TARGET_NAME)";
				SWIFT_EMIT_LOC_STRINGS = YES;
				SWIFT_VERSION = 5.0;
				TARGETED_DEVICE_FAMILY = "1,2";
			};
			name = Debug;
		};
		220A9EF5283A859F004D64B5 /* Release */ = {
			isa = XCBuildConfiguration;
			buildSettings = {
				ASSETCATALOG_COMPILER_APPICON_NAME = AppIcon;
				ASSETCATALOG_COMPILER_GLOBAL_ACCENT_COLOR_NAME = AccentColor;
				CODE_SIGN_STYLE = Automatic;
				CURRENT_PROJECT_VERSION = 1;
				DEVELOPMENT_ASSET_PATHS = "\"BlockTimer/Preview Content\"";
				DEVELOPMENT_TEAM = 3M7F64SG7F;
				ENABLE_PREVIEWS = YES;
				GENERATE_INFOPLIST_FILE = YES;
				INFOPLIST_KEY_UIApplicationSceneManifest_Generation = YES;
				INFOPLIST_KEY_UIApplicationSupportsIndirectInputEvents = YES;
				INFOPLIST_KEY_UILaunchScreen_Generation = YES;
				INFOPLIST_KEY_UISupportedInterfaceOrientations = UIInterfaceOrientationPortrait;
				INFOPLIST_KEY_UISupportedInterfaceOrientations_iPad = "UIInterfaceOrientationPortrait UIInterfaceOrientationPortraitUpsideDown UIInterfaceOrientationLandscapeLeft UIInterfaceOrientationLandscapeRight";
				INFOPLIST_KEY_UISupportedInterfaceOrientations_iPhone = "UIInterfaceOrientationPortrait UIInterfaceOrientationLandscapeLeft UIInterfaceOrientationLandscapeRight";
				LD_RUNPATH_SEARCH_PATHS = (
					"$(inherited)",
					"@executable_path/Frameworks",
				);
				MARKETING_VERSION = 1.0;
				PRODUCT_BUNDLE_IDENTIFIER = PrimateGames.BlockTimer;
				PRODUCT_NAME = "$(TARGET_NAME)";
				SWIFT_EMIT_LOC_STRINGS = YES;
				SWIFT_VERSION = 5.0;
				TARGETED_DEVICE_FAMILY = "1,2";
			};
			name = Release;
		};
/* End XCBuildConfiguration section */

/* Begin XCConfigurationList section */
		220A9EDB283A859E004D64B5 /* Build configuration list for PBXProject "BlockTimer" */ = {
			isa = XCConfigurationList;
			buildConfigurations = (
				220A9EF1283A859F004D64B5 /* Debug */,
				220A9EF2283A859F004D64B5 /* Release */,
			);
			defaultConfigurationIsVisible = 0;
			defaultConfigurationName = Release;
		};
		220A9EF3283A859F004D64B5 /* Build configuration list for PBXNativeTarget "BlockTimer" */ = {
			isa = XCConfigurationList;
			buildConfigurations = (
				220A9EF4283A859F004D64B5 /* Debug */,
				220A9EF5283A859F004D64B5 /* Release */,
			);
			defaultConfigurationIsVisible = 0;
			defaultConfigurationName = Release;
		};
/* End XCConfigurationList section */

/* Begin XCVersionGroup section */
		220A9EEE283A859F004D64B5 /* BlockTimer.xcdatamodeld */ = {
			isa = XCVersionGroup;
			children = (
				220A9EEF283A859F004D64B5 /* BlockTimer.xcdatamodel */,
			);
			currentVersion = 220A9EEF283A859F004D64B5 /* BlockTimer.xcdatamodel */;
			path = BlockTimer.xcdatamodeld;
			sourceTree = "<group>";
			versionGroupType = wrapper.xcdatamodel;
		};
/* End XCVersionGroup section */
	};
	rootObject = 220A9ED8283A859E004D64B5 /* Project object */;
}
